// !$*UTF8*$!
{
	archiveVersion = 1;
	classes = {
	};
	objectVersion = 46;
	objects = {

/* Begin PBXBuildFile section */
		2107C93F1BD2D945006003BE /* UserViewController.swift in Sources */ = {isa = PBXBuildFile; fileRef = 2107C93E1BD2D945006003BE /* UserViewController.swift */; settings = {ASSET_TAGS = (); }; };
		2126BBE71BCB5696007E726B /* toast.swift in Sources */ = {isa = PBXBuildFile; fileRef = 2126BBE61BCB5696007E726B /* toast.swift */; settings = {ASSET_TAGS = (); }; };
		2126BBE81BCB5696007E726B /* toast.swift in Sources */ = {isa = PBXBuildFile; fileRef = 2126BBE61BCB5696007E726B /* toast.swift */; settings = {ASSET_TAGS = (); }; };
		2126BBE91BCB5696007E726B /* toast.swift in Sources */ = {isa = PBXBuildFile; fileRef = 2126BBE61BCB5696007E726B /* toast.swift */; settings = {ASSET_TAGS = (); }; };
		21796C641BC1EE47006DBDAD /* UserDataModel.swift in Sources */ = {isa = PBXBuildFile; fileRef = 21796C631BC1EE47006DBDAD /* UserDataModel.swift */; settings = {ASSET_TAGS = (); }; };
		219632771BC1E6A30025DB78 /* AppDelegate.swift in Sources */ = {isa = PBXBuildFile; fileRef = 219632761BC1E6A30025DB78 /* AppDelegate.swift */; };
		219632791BC1E6A30025DB78 /* LoginViewController.swift in Sources */ = {isa = PBXBuildFile; fileRef = 219632781BC1E6A30025DB78 /* LoginViewController.swift */; };
		2196327C1BC1E6A30025DB78 /* Main.storyboard in Resources */ = {isa = PBXBuildFile; fileRef = 2196327A1BC1E6A30025DB78 /* Main.storyboard */; };
		2196327E1BC1E6A30025DB78 /* Assets.xcassets in Resources */ = {isa = PBXBuildFile; fileRef = 2196327D1BC1E6A30025DB78 /* Assets.xcassets */; };
		219632811BC1E6A30025DB78 /* LaunchScreen.storyboard in Resources */ = {isa = PBXBuildFile; fileRef = 2196327F1BC1E6A30025DB78 /* LaunchScreen.storyboard */; };
		2196328C1BC1E6A30025DB78 /* stearClearTests.swift in Sources */ = {isa = PBXBuildFile; fileRef = 2196328B1BC1E6A30025DB78 /* stearClearTests.swift */; };
		219632971BC1E6A30025DB78 /* stearClearUITests.swift in Sources */ = {isa = PBXBuildFile; fileRef = 219632961BC1E6A30025DB78 /* stearClearUITests.swift */; };
/* End PBXBuildFile section */

/* Begin PBXContainerItemProxy section */
		219632881BC1E6A30025DB78 /* PBXContainerItemProxy */ = {
			isa = PBXContainerItemProxy;
			containerPortal = 2196326B1BC1E6A30025DB78 /* Project object */;
			proxyType = 1;
			remoteGlobalIDString = 219632721BC1E6A30025DB78;
			remoteInfo = stearClear;
		};
		219632931BC1E6A30025DB78 /* PBXContainerItemProxy */ = {
			isa = PBXContainerItemProxy;
			containerPortal = 2196326B1BC1E6A30025DB78 /* Project object */;
			proxyType = 1;
			remoteGlobalIDString = 219632721BC1E6A30025DB78;
			remoteInfo = stearClear;
		};
/* End PBXContainerItemProxy section */

/* Begin PBXFileReference section */
		2107C93E1BD2D945006003BE /* UserViewController.swift */ = {isa = PBXFileReference; fileEncoding = 4; lastKnownFileType = sourcecode.swift; path = UserViewController.swift; sourceTree = "<group>"; };
		2126BBE61BCB5696007E726B /* toast.swift */ = {isa = PBXFileReference; fileEncoding = 4; lastKnownFileType = sourcecode.swift; path = toast.swift; sourceTree = "<group>"; };
		21796C631BC1EE47006DBDAD /* UserDataModel.swift */ = {isa = PBXFileReference; fileEncoding = 4; lastKnownFileType = sourcecode.swift; path = UserDataModel.swift; sourceTree = "<group>"; };
		219632731BC1E6A30025DB78 /* stearClear.app */ = {isa = PBXFileReference; explicitFileType = wrapper.application; includeInIndex = 0; path = stearClear.app; sourceTree = BUILT_PRODUCTS_DIR; };
		219632761BC1E6A30025DB78 /* AppDelegate.swift */ = {isa = PBXFileReference; lastKnownFileType = sourcecode.swift; path = AppDelegate.swift; sourceTree = "<group>"; };
		219632781BC1E6A30025DB78 /* LoginViewController.swift */ = {isa = PBXFileReference; lastKnownFileType = sourcecode.swift; path = LoginViewController.swift; sourceTree = "<group>"; };
		2196327B1BC1E6A30025DB78 /* Base */ = {isa = PBXFileReference; lastKnownFileType = file.storyboard; name = Base; path = Base.lproj/Main.storyboard; sourceTree = "<group>"; };
		2196327D1BC1E6A30025DB78 /* Assets.xcassets */ = {isa = PBXFileReference; lastKnownFileType = folder.assetcatalog; path = Assets.xcassets; sourceTree = "<group>"; };
		219632801BC1E6A30025DB78 /* Base */ = {isa = PBXFileReference; lastKnownFileType = file.storyboard; name = Base; path = Base.lproj/LaunchScreen.storyboard; sourceTree = "<group>"; };
		219632821BC1E6A30025DB78 /* Info.plist */ = {isa = PBXFileReference; lastKnownFileType = text.plist.xml; path = Info.plist; sourceTree = "<group>"; };
		219632871BC1E6A30025DB78 /* stearClearTests.xctest */ = {isa = PBXFileReference; explicitFileType = wrapper.cfbundle; includeInIndex = 0; path = stearClearTests.xctest; sourceTree = BUILT_PRODUCTS_DIR; };
		2196328B1BC1E6A30025DB78 /* stearClearTests.swift */ = {isa = PBXFileReference; lastKnownFileType = sourcecode.swift; path = stearClearTests.swift; sourceTree = "<group>"; };
		2196328D1BC1E6A30025DB78 /* Info.plist */ = {isa = PBXFileReference; lastKnownFileType = text.plist.xml; path = Info.plist; sourceTree = "<group>"; };
		219632921BC1E6A30025DB78 /* stearClearUITests.xctest */ = {isa = PBXFileReference; explicitFileType = wrapper.cfbundle; includeInIndex = 0; path = stearClearUITests.xctest; sourceTree = BUILT_PRODUCTS_DIR; };
		219632961BC1E6A30025DB78 /* stearClearUITests.swift */ = {isa = PBXFileReference; lastKnownFileType = sourcecode.swift; path = stearClearUITests.swift; sourceTree = "<group>"; };
		219632981BC1E6A30025DB78 /* Info.plist */ = {isa = PBXFileReference; lastKnownFileType = text.plist.xml; path = Info.plist; sourceTree = "<group>"; };
/* End PBXFileReference section */

/* Begin PBXFrameworksBuildPhase section */
		219632701BC1E6A30025DB78 /* Frameworks */ = {
			isa = PBXFrameworksBuildPhase;
			buildActionMask = 2147483647;
			files = (
			);
			runOnlyForDeploymentPostprocessing = 0;
		};
		219632841BC1E6A30025DB78 /* Frameworks */ = {
			isa = PBXFrameworksBuildPhase;
			buildActionMask = 2147483647;
			files = (
			);
			runOnlyForDeploymentPostprocessing = 0;
		};
		2196328F1BC1E6A30025DB78 /* Frameworks */ = {
			isa = PBXFrameworksBuildPhase;
			buildActionMask = 2147483647;
			files = (
			);
			runOnlyForDeploymentPostprocessing = 0;
		};
/* End PBXFrameworksBuildPhase section */

/* Begin PBXGroup section */
		2196326A1BC1E6A30025DB78 = {
			isa = PBXGroup;
			children = (
				219632751BC1E6A30025DB78 /* stearClear */,
				2196328A1BC1E6A30025DB78 /* stearClearTests */,
				219632951BC1E6A30025DB78 /* stearClearUITests */,
				219632741BC1E6A30025DB78 /* Products */,
			);
			sourceTree = "<group>";
		};
		219632741BC1E6A30025DB78 /* Products */ = {
			isa = PBXGroup;
			children = (
				219632731BC1E6A30025DB78 /* stearClear.app */,
				219632871BC1E6A30025DB78 /* stearClearTests.xctest */,
				219632921BC1E6A30025DB78 /* stearClearUITests.xctest */,
			);
			name = Products;
			sourceTree = "<group>";
		};
		219632751BC1E6A30025DB78 /* stearClear */ = {
			isa = PBXGroup;
			children = (
				21796C631BC1EE47006DBDAD /* UserDataModel.swift */,
				219632761BC1E6A30025DB78 /* AppDelegate.swift */,
				2126BBE61BCB5696007E726B /* toast.swift */,
				219632781BC1E6A30025DB78 /* LoginViewController.swift */,
				2107C93E1BD2D945006003BE /* UserViewController.swift */,
				2196327A1BC1E6A30025DB78 /* Main.storyboard */,
				2196327D1BC1E6A30025DB78 /* Assets.xcassets */,
				2196327F1BC1E6A30025DB78 /* LaunchScreen.storyboard */,
				219632821BC1E6A30025DB78 /* Info.plist */,
			);
			path = stearClear;
			sourceTree = "<group>";
		};
		2196328A1BC1E6A30025DB78 /* stearClearTests */ = {
			isa = PBXGroup;
			children = (
				2196328B1BC1E6A30025DB78 /* stearClearTests.swift */,
				2196328D1BC1E6A30025DB78 /* Info.plist */,
			);
			path = stearClearTests;
			sourceTree = "<group>";
		};
		219632951BC1E6A30025DB78 /* stearClearUITests */ = {
			isa = PBXGroup;
			children = (
				219632961BC1E6A30025DB78 /* stearClearUITests.swift */,
				219632981BC1E6A30025DB78 /* Info.plist */,
			);
			path = stearClearUITests;
			sourceTree = "<group>";
		};
/* End PBXGroup section */

/* Begin PBXNativeTarget section */
		219632721BC1E6A30025DB78 /* stearClear */ = {
			isa = PBXNativeTarget;
			buildConfigurationList = 2196329B1BC1E6A30025DB78 /* Build configuration list for PBXNativeTarget "stearClear" */;
			buildPhases = (
				2196326F1BC1E6A30025DB78 /* Sources */,
				219632701BC1E6A30025DB78 /* Frameworks */,
				219632711BC1E6A30025DB78 /* Resources */,
			);
			buildRules = (
			);
			dependencies = (
			);
			name = stearClear;
			productName = stearClear;
			productReference = 219632731BC1E6A30025DB78 /* stearClear.app */;
			productType = "com.apple.product-type.application";
		};
		219632861BC1E6A30025DB78 /* stearClearTests */ = {
			isa = PBXNativeTarget;
			buildConfigurationList = 2196329E1BC1E6A30025DB78 /* Build configuration list for PBXNativeTarget "stearClearTests" */;
			buildPhases = (
				219632831BC1E6A30025DB78 /* Sources */,
				219632841BC1E6A30025DB78 /* Frameworks */,
				219632851BC1E6A30025DB78 /* Resources */,
			);
			buildRules = (
			);
			dependencies = (
				219632891BC1E6A30025DB78 /* PBXTargetDependency */,
			);
			name = stearClearTests;
			productName = stearClearTests;
			productReference = 219632871BC1E6A30025DB78 /* stearClearTests.xctest */;
			productType = "com.apple.product-type.bundle.unit-test";
		};
		219632911BC1E6A30025DB78 /* stearClearUITests */ = {
			isa = PBXNativeTarget;
			buildConfigurationList = 219632A11BC1E6A30025DB78 /* Build configuration list for PBXNativeTarget "stearClearUITests" */;
			buildPhases = (
				2196328E1BC1E6A30025DB78 /* Sources */,
				2196328F1BC1E6A30025DB78 /* Frameworks */,
				219632901BC1E6A30025DB78 /* Resources */,
			);
			buildRules = (
			);
			dependencies = (
				219632941BC1E6A30025DB78 /* PBXTargetDependency */,
			);
			name = stearClearUITests;
			productName = stearClearUITests;
			productReference = 219632921BC1E6A30025DB78 /* stearClearUITests.xctest */;
			productType = "com.apple.product-type.bundle.ui-testing";
		};
/* End PBXNativeTarget section */

/* Begin PBXProject section */
		2196326B1BC1E6A30025DB78 /* Project object */ = {
			isa = PBXProject;
			attributes = {
				LastUpgradeCheck = 0700;
				ORGANIZATIONNAME = 4H;
				TargetAttributes = {
					219632721BC1E6A30025DB78 = {
						CreatedOnToolsVersion = 7.0.1;
					};
					219632861BC1E6A30025DB78 = {
						CreatedOnToolsVersion = 7.0.1;
						TestTargetID = 219632721BC1E6A30025DB78;
					};
					219632911BC1E6A30025DB78 = {
						CreatedOnToolsVersion = 7.0.1;
						TestTargetID = 219632721BC1E6A30025DB78;
					};
				};
			};
			buildConfigurationList = 2196326E1BC1E6A30025DB78 /* Build configuration list for PBXProject "stearClear" */;
			compatibilityVersion = "Xcode 3.2";
			developmentRegion = English;
			hasScannedForEncodings = 0;
			knownRegions = (
				en,
				Base,
			);
			mainGroup = 2196326A1BC1E6A30025DB78;
			productRefGroup = 219632741BC1E6A30025DB78 /* Products */;
			projectDirPath = "";
			projectRoot = "";
			targets = (
				219632721BC1E6A30025DB78 /* stearClear */,
				219632861BC1E6A30025DB78 /* stearClearTests */,
				219632911BC1E6A30025DB78 /* stearClearUITests */,
			);
		};
/* End PBXProject section */

/* Begin PBXResourcesBuildPhase section */
		219632711BC1E6A30025DB78 /* Resources */ = {
			isa = PBXResourcesBuildPhase;
			buildActionMask = 2147483647;
			files = (
				219632811BC1E6A30025DB78 /* LaunchScreen.storyboard in Resources */,
				2196327E1BC1E6A30025DB78 /* Assets.xcassets in Resources */,
				2196327C1BC1E6A30025DB78 /* Main.storyboard in Resources */,
			);
			runOnlyForDeploymentPostprocessing = 0;
		};
		219632851BC1E6A30025DB78 /* Resources */ = {
			isa = PBXResourcesBuildPhase;
			buildActionMask = 2147483647;
			files = (
			);
			runOnlyForDeploymentPostprocessing = 0;
		};
		219632901BC1E6A30025DB78 /* Resources */ = {
			isa = PBXResourcesBuildPhase;
			buildActionMask = 2147483647;
			files = (
			);
			runOnlyForDeploymentPostprocessing = 0;
		};
/* End PBXResourcesBuildPhase section */

/* Begin PBXSourcesBuildPhase section */
		2196326F1BC1E6A30025DB78 /* Sources */ = {
			isa = PBXSourcesBuildPhase;
			buildActionMask = 2147483647;
			files = (
				219632791BC1E6A30025DB78 /* LoginViewController.swift in Sources */,
				2107C93F1BD2D945006003BE /* UserViewController.swift in Sources */,
				2126BBE71BCB5696007E726B /* toast.swift in Sources */,
				21796C641BC1EE47006DBDAD /* UserDataModel.swift in Sources */,
				219632771BC1E6A30025DB78 /* AppDelegate.swift in Sources */,
			);
			runOnlyForDeploymentPostprocessing = 0;
		};
		219632831BC1E6A30025DB78 /* Sources */ = {
			isa = PBXSourcesBuildPhase;
			buildActionMask = 2147483647;
			files = (
				2196328C1BC1E6A30025DB78 /* stearClearTests.swift in Sources */,
				2126BBE81BCB5696007E726B /* toast.swift in Sources */,
			);
			runOnlyForDeploymentPostprocessing = 0;
		};
		2196328E1BC1E6A30025DB78 /* Sources */ = {
			isa = PBXSourcesBuildPhase;
			buildActionMask = 2147483647;
			files = (
				219632971BC1E6A30025DB78 /* stearClearUITests.swift in Sources */,
				2126BBE91BCB5696007E726B /* toast.swift in Sources */,
			);
			runOnlyForDeploymentPostprocessing = 0;
		};
/* End PBXSourcesBuildPhase section */

/* Begin PBXTargetDependency section */
		219632891BC1E6A30025DB78 /* PBXTargetDependency */ = {
			isa = PBXTargetDependency;
			target = 219632721BC1E6A30025DB78 /* stearClear */;
			targetProxy = 219632881BC1E6A30025DB78 /* PBXContainerItemProxy */;
		};
		219632941BC1E6A30025DB78 /* PBXTargetDependency */ = {
			isa = PBXTargetDependency;
			target = 219632721BC1E6A30025DB78 /* stearClear */;
			targetProxy = 219632931BC1E6A30025DB78 /* PBXContainerItemProxy */;
		};
/* End PBXTargetDependency section */

/* Begin PBXVariantGroup section */
		2196327A1BC1E6A30025DB78 /* Main.storyboard */ = {
			isa = PBXVariantGroup;
			children = (
				2196327B1BC1E6A30025DB78 /* Base */,
			);
			name = Main.storyboard;
			sourceTree = "<group>";
		};
		2196327F1BC1E6A30025DB78 /* LaunchScreen.storyboard */ = {
			isa = PBXVariantGroup;
			children = (
				219632801BC1E6A30025DB78 /* Base */,
			);
			name = LaunchScreen.storyboard;
			sourceTree = "<group>";
		};
/* End PBXVariantGroup section */

/* Begin XCBuildConfiguration section */
		219632991BC1E6A30025DB78 /* Debug */ = {
			isa = XCBuildConfiguration;
			buildSettings = {
				ALWAYS_SEARCH_USER_PATHS = NO;
				CLANG_CXX_LANGUAGE_STANDARD = "gnu++0x";
				CLANG_CXX_LIBRARY = "libc++";
				CLANG_ENABLE_MODULES = YES;
				CLANG_ENABLE_OBJC_ARC = YES;
				CLANG_WARN_BOOL_CONVERSION = YES;
				CLANG_WARN_CONSTANT_CONVERSION = YES;
				CLANG_WARN_DIRECT_OBJC_ISA_USAGE = YES_ERROR;
				CLANG_WARN_EMPTY_BODY = YES;
				CLANG_WARN_ENUM_CONVERSION = YES;
				CLANG_WARN_INT_CONVERSION = YES;
				CLANG_WARN_OBJC_ROOT_CLASS = YES_ERROR;
				CLANG_WARN_UNREACHABLE_CODE = YES;
				CLANG_WARN__DUPLICATE_METHOD_MATCH = YES;
				"CODE_SIGN_IDENTITY[sdk=iphoneos*]" = "iPhone Developer";
				COPY_PHASE_STRIP = NO;
				DEBUG_INFORMATION_FORMAT = dwarf;
				ENABLE_STRICT_OBJC_MSGSEND = YES;
				ENABLE_TESTABILITY = YES;
				GCC_C_LANGUAGE_STANDARD = gnu99;
				GCC_DYNAMIC_NO_PIC = NO;
				GCC_NO_COMMON_BLOCKS = YES;
				GCC_OPTIMIZATION_LEVEL = 0;
				GCC_PREPROCESSOR_DEFINITIONS = (
					"DEBUG=1",
					"$(inherited)",
				);
				GCC_WARN_64_TO_32_BIT_CONVERSION = YES;
				GCC_WARN_ABOUT_RETURN_TYPE = YES_ERROR;
				GCC_WARN_UNDECLARED_SELECTOR = YES;
				GCC_WARN_UNINITIALIZED_AUTOS = YES_AGGRESSIVE;
				GCC_WARN_UNUSED_FUNCTION = YES;
				GCC_WARN_UNUSED_VARIABLE = YES;
				IPHONEOS_DEPLOYMENT_TARGET = 9.0;
				MTL_ENABLE_DEBUG_INFO = YES;
				ONLY_ACTIVE_ARCH = YES;
				SDKROOT = iphoneos;
				SWIFT_OPTIMIZATION_LEVEL = "-Onone";
			};
			name = Debug;
		};
		2196329A1BC1E6A30025DB78 /* Release */ = {
			isa = XCBuildConfiguration;
			buildSettings = {
				ALWAYS_SEARCH_USER_PATHS = NO;
				CLANG_CXX_LANGUAGE_STANDARD = "gnu++0x";
				CLANG_CXX_LIBRARY = "libc++";
				CLANG_ENABLE_MODULES = YES;
				CLANG_ENABLE_OBJC_ARC = YES;
				CLANG_WARN_BOOL_CONVERSION = YES;
				CLANG_WARN_CONSTANT_CONVERSION = YES;
				CLANG_WARN_DIRECT_OBJC_ISA_USAGE = YES_ERROR;
				CLANG_WARN_EMPTY_BODY = YES;
				CLANG_WARN_ENUM_CONVERSION = YES;
				CLANG_WARN_INT_CONVERSION = YES;
				CLANG_WARN_OBJC_ROOT_CLASS = YES_ERROR;
				CLANG_WARN_UNREACHABLE_CODE = YES;
				CLANG_WARN__DUPLICATE_METHOD_MATCH = YES;
				"CODE_SIGN_IDENTITY[sdk=iphoneos*]" = "iPhone Developer";
				COPY_PHASE_STRIP = NO;
				DEBUG_INFORMATION_FORMAT = "dwarf-with-dsym";
				ENABLE_NS_ASSERTIONS = NO;
				ENABLE_STRICT_OBJC_MSGSEND = YES;
				GCC_C_LANGUAGE_STANDARD = gnu99;
				GCC_NO_COMMON_BLOCKS = YES;
				GCC_WARN_64_TO_32_BIT_CONVERSION = YES;
				GCC_WARN_ABOUT_RETURN_TYPE = YES_ERROR;
				GCC_WARN_UNDECLARED_SELECTOR = YES;
				GCC_WARN_UNINITIALIZED_AUTOS = YES_AGGRESSIVE;
				GCC_WARN_UNUSED_FUNCTION = YES;
				GCC_WARN_UNUSED_VARIABLE = YES;
				IPHONEOS_DEPLOYMENT_TARGET = 9.0;
				MTL_ENABLE_DEBUG_INFO = NO;
				SDKROOT = iphoneos;
				VALIDATE_PRODUCT = YES;
			};
			name = Release;
		};
		2196329C1BC1E6A30025DB78 /* Debug */ = {
			isa = XCBuildConfiguration;
			buildSettings = {
				ASSETCATALOG_COMPILER_APPICON_NAME = AppIcon;
				INFOPLIST_FILE = stearClear/Info.plist;
				LD_RUNPATH_SEARCH_PATHS = "$(inherited) @executable_path/Frameworks";
				PRODUCT_BUNDLE_IDENTIFIER = edu.tamu.stearClear;
				PRODUCT_NAME = "$(TARGET_NAME)";
			};
			name = Debug;
		};
		2196329D1BC1E6A30025DB78 /* Release */ = {
			isa = XCBuildConfiguration;
			buildSettings = {
				ASSETCATALOG_COMPILER_APPICON_NAME = AppIcon;
				INFOPLIST_FILE = stearClear/Info.plist;
				LD_RUNPATH_SEARCH_PATHS = "$(inherited) @executable_path/Frameworks";
				PRODUCT_BUNDLE_IDENTIFIER = edu.tamu.stearClear;
				PRODUCT_NAME = "$(TARGET_NAME)";
			};
			name = Release;
		};
		2196329F1BC1E6A30025DB78 /* Debug */ = {
			isa = XCBuildConfiguration;
			buildSettings = {
				BUNDLE_LOADER = "$(TEST_HOST)";
				INFOPLIST_FILE = stearClearTests/Info.plist;
				LD_RUNPATH_SEARCH_PATHS = "$(inherited) @executable_path/Frameworks @loader_path/Frameworks";
				PRODUCT_BUNDLE_IDENTIFIER = edu.tamu.stearClearTests;
				PRODUCT_NAME = "$(TARGET_NAME)";
				TEST_HOST = "$(BUILT_PRODUCTS_DIR)/stearClear.app/stearClear";
			};
			name = Debug;
		};
		219632A01BC1E6A30025DB78 /* Release */ = {
			isa = XCBuildConfiguration;
			buildSettings = {
				BUNDLE_LOADER = "$(TEST_HOST)";
				INFOPLIST_FILE = stearClearTests/Info.plist;
				LD_RUNPATH_SEARCH_PATHS = "$(inherited) @executable_path/Frameworks @loader_path/Frameworks";
				PRODUCT_BUNDLE_IDENTIFIER = edu.tamu.stearClearTests;
				PRODUCT_NAME = "$(TARGET_NAME)";
				TEST_HOST = "$(BUILT_PRODUCTS_DIR)/stearClear.app/stearClear";
			};
			name = Release;
		};
		219632A21BC1E6A30025DB78 /* Debug */ = {
			isa = XCBuildConfiguration;
			buildSettings = {
				INFOPLIST_FILE = stearClearUITests/Info.plist;
				LD_RUNPATH_SEARCH_PATHS = "$(inherited) @executable_path/Frameworks @loader_path/Frameworks";
				PRODUCT_BUNDLE_IDENTIFIER = edu.tamu.stearClearUITests;
				PRODUCT_NAME = "$(TARGET_NAME)";
				TEST_TARGET_NAME = stearClear;
				USES_XCTRUNNER = YES;
			};
			name = Debug;
		};
		219632A31BC1E6A30025DB78 /* Release */ = {
			isa = XCBuildConfiguration;
			buildSettings = {
				INFOPLIST_FILE = stearClearUITests/Info.plist;
				LD_RUNPATH_SEARCH_PATHS = "$(inherited) @executable_path/Frameworks @loader_path/Frameworks";
				PRODUCT_BUNDLE_IDENTIFIER = edu.tamu.stearClearUITests;
				PRODUCT_NAME = "$(TARGET_NAME)";
				TEST_TARGET_NAME = stearClear;
				USES_XCTRUNNER = YES;
			};
			name = Release;
		};
/* End XCBuildConfiguration section */

/* Begin XCConfigurationList section */
		2196326E1BC1E6A30025DB78 /* Build configuration list for PBXProject "stearClear" */ = {
			isa = XCConfigurationList;
			buildConfigurations = (
				219632991BC1E6A30025DB78 /* Debug */,
				2196329A1BC1E6A30025DB78 /* Release */,
			);
			defaultConfigurationIsVisible = 0;
			defaultConfigurationName = Release;
		};
		2196329B1BC1E6A30025DB78 /* Build configuration list for PBXNativeTarget "stearClear" */ = {
			isa = XCConfigurationList;
			buildConfigurations = (
				2196329C1BC1E6A30025DB78 /* Debug */,
				2196329D1BC1E6A30025DB78 /* Release */,
			);
			defaultConfigurationIsVisible = 0;
			defaultConfigurationName = Release;
		};
		2196329E1BC1E6A30025DB78 /* Build configuration list for PBXNativeTarget "stearClearTests" */ = {
			isa = XCConfigurationList;
			buildConfigurations = (
				2196329F1BC1E6A30025DB78 /* Debug */,
				219632A01BC1E6A30025DB78 /* Release */,
			);
			defaultConfigurationIsVisible = 0;
			defaultConfigurationName = Release;
		};
		219632A11BC1E6A30025DB78 /* Build configuration list for PBXNativeTarget "stearClearUITests" */ = {
			isa = XCConfigurationList;
			buildConfigurations = (
				219632A21BC1E6A30025DB78 /* Debug */,
				219632A31BC1E6A30025DB78 /* Release */,
			);
			defaultConfigurationIsVisible = 0;
			defaultConfigurationName = Release;
		};
/* End XCConfigurationList section */
	};
	rootObject = 2196326B1BC1E6A30025DB78 /* Project object */;
}
